
Microsoft Visual Studio Solution File, Format Version 12.00
# Visual Studio Version 16
VisualStudioVersion = 16.0.32228.343
MinimumVisualStudioVersion = 10.0.40219.1
Project("{FAE04EC0-301F-11D3-BF4B-00C04F79EFBC}") = "RESTfulAPI", "RESTfulAPI.csproj", "{BC602661-F45C-4C0A-B852-5D1861855D0D}"
EndProject
Global
	GlobalSection(SolutionConfigurationPlatforms) = preSolution
		Debug|Any CPU = Debug|Any CPU
		Release|Any CPU = Release|Any CPU
	EndGlobalSection
	GlobalSection(ProjectConfigurationPlatforms) = postSolution
		{BC602661-F45C-4C0A-B852-5D1861855D0D}.Debug|Any CPU.ActiveCfg = Debug|Any CPU
		{BC602661-F45C-4C0A-B852-5D1861855D0D}.Debug|Any CPU.Build.0 = Debug|Any CPU
		{BC602661-F45C-4C0A-B852-5D1861855D0D}.Release|Any CPU.ActiveCfg = Release|Any CPU
		{BC602661-F45C-4C0A-B852-5D1861855D0D}.Release|Any CPU.Build.0 = Release|Any CPU
	EndGlobalSection
	GlobalSection(SolutionProperties) = preSolution
		HideSolutionNode = FALSE
	EndGlobalSection
	GlobalSection(ExtensibilityGlobals) = postSolution
		SolutionGuid = {2502B190-17CF-4A36-84EF-6E13BE88D49A}
	EndGlobalSection
EndGlobal
